// !$*UTF8*$!
{
	archiveVersion = 1;
	classes = {
	};
	objectVersion = 48;
	objects = {

/* Begin PBXBuildFile section */
		BF2A19D12066FC3200A5FE02 /* AppDelegate.swift in Sources */ = {isa = PBXBuildFile; fileRef = BF2A19D02066FC3200A5FE02 /* AppDelegate.swift */; };
		BF2A19D32066FC3200A5FE02 /* ViewController.swift in Sources */ = {isa = PBXBuildFile; fileRef = BF2A19D22066FC3200A5FE02 /* ViewController.swift */; };
		BF2A19D62066FC3200A5FE02 /* Main.storyboard in Resources */ = {isa = PBXBuildFile; fileRef = BF2A19D42066FC3200A5FE02 /* Main.storyboard */; };
		BF2A19D82066FC3200A5FE02 /* Assets.xcassets in Resources */ = {isa = PBXBuildFile; fileRef = BF2A19D72066FC3200A5FE02 /* Assets.xcassets */; };
		BF2A19DB2066FC3200A5FE02 /* LaunchScreen.storyboard in Resources */ = {isa = PBXBuildFile; fileRef = BF2A19D92066FC3200A5FE02 /* LaunchScreen.storyboard */; };
/* End PBXBuildFile section */

/* Begin PBXFileReference section */
		BF2A19CD2066FC3200A5FE02 /* whitehouse-petition-parser.app */ = {isa = PBXFileReference; explicitFileType = wrapper.application; includeInIndex = 0; path = "whitehouse-petition-parser.app"; sourceTree = BUILT_PRODUCTS_DIR; };
		BF2A19D02066FC3200A5FE02 /* AppDelegate.swift */ = {isa = PBXFileReference; lastKnownFileType = sourcecode.swift; path = AppDelegate.swift; sourceTree = "<group>"; };
		BF2A19D22066FC3200A5FE02 /* ViewController.swift */ = {isa = PBXFileReference; lastKnownFileType = sourcecode.swift; path = ViewController.swift; sourceTree = "<group>"; };
		BF2A19D52066FC3200A5FE02 /* Base */ = {isa = PBXFileReference; lastKnownFileType = file.storyboard; name = Base; path = Base.lproj/Main.storyboard; sourceTree = "<group>"; };
		BF2A19D72066FC3200A5FE02 /* Assets.xcassets */ = {isa = PBXFileReference; lastKnownFileType = folder.assetcatalog; path = Assets.xcassets; sourceTree = "<group>"; };
		BF2A19DA2066FC3200A5FE02 /* Base */ = {isa = PBXFileReference; lastKnownFileType = file.storyboard; name = Base; path = Base.lproj/LaunchScreen.storyboard; sourceTree = "<group>"; };
		BF2A19DC2066FC3200A5FE02 /* Info.plist */ = {isa = PBXFileReference; lastKnownFileType = text.plist.xml; path = Info.plist; sourceTree = "<group>"; };
/* End PBXFileReference section */

/* Begin PBXFrameworksBuildPhase section */
		BF2A19CA2066FC3200A5FE02 /* Frameworks */ = {
			isa = PBXFrameworksBuildPhase;
			buildActionMask = 2147483647;
			files = (
			);
			runOnlyForDeploymentPostprocessing = 0;
		};
/* End PBXFrameworksBuildPhase section */

/* Begin PBXGroup section */
		BF2A19C42066FC3200A5FE02 = {
			isa = PBXGroup;
			children = (
				BF2A19CF2066FC3200A5FE02 /* whitehouse-petition-parser */,
				BF2A19CE2066FC3200A5FE02 /* Products */,
			);
			sourceTree = "<group>";
		};
		BF2A19CE2066FC3200A5FE02 /* Products */ = {
			isa = PBXGroup;
			children = (
				BF2A19CD2066FC3200A5FE02 /* whitehouse-petition-parser.app */,
			);
			name = Products;
			sourceTree = "<group>";
		};
		BF2A19CF2066FC3200A5FE02 /* whitehouse-petition-parser */ = {
			isa = PBXGroup;
			children = (
				BF2A19D02066FC3200A5FE02 /* AppDelegate.swift */,
				BF2A19D22066FC3200A5FE02 /* ViewController.swift */,
				BF2A19D42066FC3200A5FE02 /* Main.storyboard */,
				BF2A19D72066FC3200A5FE02 /* Assets.xcassets */,
				BF2A19D92066FC3200A5FE02 /* LaunchScreen.storyboard */,
				BF2A19DC2066FC3200A5FE02 /* Info.plist */,
			);
			path = "whitehouse-petition-parser";
			sourceTree = "<group>";
		};
/* End PBXGroup section */

/* Begin PBXNativeTarget section */
		BF2A19CC2066FC3200A5FE02 /* whitehouse-petition-parser */ = {
			isa = PBXNativeTarget;
			buildConfigurationList = BF2A19DF2066FC3200A5FE02 /* Build configuration list for PBXNativeTarget "whitehouse-petition-parser" */;
			buildPhases = (
				BF2A19C92066FC3200A5FE02 /* Sources */,
				BF2A19CA2066FC3200A5FE02 /* Frameworks */,
				BF2A19CB2066FC3200A5FE02 /* Resources */,
			);
			buildRules = (
			);
			dependencies = (
			);
			name = "whitehouse-petition-parser";
			productName = "whitehouse-petition-parser";
			productReference = BF2A19CD2066FC3200A5FE02 /* whitehouse-petition-parser.app */;
			productType = "com.apple.product-type.application";
		};
/* End PBXNativeTarget section */

/* Begin PBXProject section */
		BF2A19C52066FC3200A5FE02 /* Project object */ = {
			isa = PBXProject;
			attributes = {
				LastSwiftUpdateCheck = 0920;
				LastUpgradeCheck = 0920;
				ORGANIZATIONNAME = "Amanda Reinhard";
				TargetAttributes = {
					BF2A19CC2066FC3200A5FE02 = {
						CreatedOnToolsVersion = 9.2;
						ProvisioningStyle = Automatic;
					};
				};
			};
			buildConfigurationList = BF2A19C82066FC3200A5FE02 /* Build configuration list for PBXProject "whitehouse-petition-parser" */;
			compatibilityVersion = "Xcode 8.0";
			developmentRegion = en;
			hasScannedForEncodings = 0;
			knownRegions = (
				en,
				Base,
			);
			mainGroup = BF2A19C42066FC3200A5FE02;
			productRefGroup = BF2A19CE2066FC3200A5FE02 /* Products */;
			projectDirPath = "";
			projectRoot = "";
			targets = (
				BF2A19CC2066FC3200A5FE02 /* whitehouse-petition-parser */,
			);
		};
/* End PBXProject section */

/* Begin PBXResourcesBuildPhase section */
		BF2A19CB2066FC3200A5FE02 /* Resources */ = {
			isa = PBXResourcesBuildPhase;
			buildActionMask = 2147483647;
			files = (
				BF2A19DB2066FC3200A5FE02 /* LaunchScreen.storyboard in Resources */,
				BF2A19D82066FC3200A5FE02 /* Assets.xcassets in Resources */,
				BF2A19D62066FC3200A5FE02 /* Main.storyboard in Resources */,
			);
			runOnlyForDeploymentPostprocessing = 0;
		};
/* End PBXResourcesBuildPhase section */

/* Begin PBXSourcesBuildPhase section */
		BF2A19C92066FC3200A5FE02 /* Sources */ = {
			isa = PBXSourcesBuildPhase;
			buildActionMask = 2147483647;
			files = (
				BF2A19D32066FC3200A5FE02 /* ViewController.swift in Sources */,
				BF2A19D12066FC3200A5FE02 /* AppDelegate.swift in Sources */,
			);
			runOnlyForDeploymentPostprocessing = 0;
		};
/* End PBXSourcesBuildPhase section */

/* Begin PBXVariantGroup section */
		BF2A19D42066FC3200A5FE02 /* Main.storyboard */ = {
			isa = PBXVariantGroup;
			children = (
				BF2A19D52066FC3200A5FE02 /* Base */,
			);
			name = Main.storyboard;
			sourceTree = "<group>";
		};
		BF2A19D92066FC3200A5FE02 /* LaunchScreen.storyboard */ = {
			isa = PBXVariantGroup;
			children = (
				BF2A19DA2066FC3200A5FE02 /* Base */,
			);
			name = LaunchScreen.storyboard;
			sourceTree = "<group>";
		};
/* End PBXVariantGroup section */

/* Begin XCBuildConfiguration section */
		BF2A19DD2066FC3200A5FE02 /* Debug */ = {
			isa = XCBuildConfiguration;
			buildSettings = {
				ALWAYS_SEARCH_USER_PATHS = NO;
				CLANG_ANALYZER_NONNULL = YES;
				CLANG_ANALYZER_NUMBER_OBJECT_CONVERSION = YES_AGGRESSIVE;
				CLANG_CXX_LANGUAGE_STANDARD = "gnu++14";
				CLANG_CXX_LIBRARY = "libc++";
				CLANG_ENABLE_MODULES = YES;
				CLANG_ENABLE_OBJC_ARC = YES;
				CLANG_WARN_BLOCK_CAPTURE_AUTORELEASING = YES;
				CLANG_WARN_BOOL_CONVERSION = YES;
				CLANG_WARN_COMMA = YES;
				CLANG_WARN_CONSTANT_CONVERSION = YES;
				CLANG_WARN_DIRECT_OBJC_ISA_USAGE = YES_ERROR;
				CLANG_WARN_DOCUMENTATION_COMMENTS = YES;
				CLANG_WARN_EMPTY_BODY = YES;
				CLANG_WARN_ENUM_CONVERSION = YES;
				CLANG_WARN_INFINITE_RECURSION = YES;
				CLANG_WARN_INT_CONVERSION = YES;
				CLANG_WARN_NON_LITERAL_NULL_CONVERSION = YES;
				CLANG_WARN_OBJC_LITERAL_CONVERSION = YES;
				CLANG_WARN_OBJC_ROOT_CLASS = YES_ERROR;
				CLANG_WARN_RANGE_LOOP_ANALYSIS = YES;
				CLANG_WARN_STRICT_PROTOTYPES = YES;
				CLANG_WARN_SUSPICIOUS_MOVE = YES;
				CLANG_WARN_UNGUARDED_AVAILABILITY = YES_AGGRESSIVE;
				CLANG_WARN_UNREACHABLE_CODE = YES;
				CLANG_WARN__DUPLICATE_METHOD_MATCH = YES;
				CODE_SIGN_IDENTITY = "iPhone Developer";
				COPY_PHASE_STRIP = NO;
				DEBUG_INFORMATION_FORMAT = dwarf;
				ENABLE_STRICT_OBJC_MSGSEND = YES;
				ENABLE_TESTABILITY = YES;
				GCC_C_LANGUAGE_STANDARD = gnu11;
				GCC_DYNAMIC_NO_PIC = NO;
				GCC_NO_COMMON_BLOCKS = YES;
				GCC_OPTIMIZATION_LEVEL = 0;
				GCC_PREPROCESSOR_DEFINITIONS = (
					"DEBUG=1",
					"$(inherited)",
				);
				GCC_WARN_64_TO_32_BIT_CONVERSION = YES;
				GCC_WARN_ABOUT_RETURN_TYPE = YES_ERROR;
				GCC_WARN_UNDECLARED_SELECTOR = YES;
				GCC_WARN_UNINITIALIZED_AUTOS = YES_AGGRESSIVE;
				GCC_WARN_UNUSED_FUNCTION = YES;
				GCC_WARN_UNUSED_VARIABLE = YES;
				IPHONEOS_DEPLOYMENT_TARGET = 11.2;
				MTL_ENABLE_DEBUG_INFO = YES;
				ONLY_ACTIVE_ARCH = YES;
				SDKROOT = iphoneos;
				SWIFT_ACTIVE_COMPILATION_CONDITIONS = DEBUG;
				SWIFT_OPTIMIZATION_LEVEL = "-Onone";
			};
			name = Debug;
		};
		BF2A19DE2066FC3200A5FE02 /* Release */ = {
			isa = XCBuildConfiguration;
			buildSettings = {
				ALWAYS_SEARCH_USER_PATHS = NO;
				CLANG_ANALYZER_NONNULL = YES;
				CLANG_ANALYZER_NUMBER_OBJECT_CONVERSION = YES_AGGRESSIVE;
				CLANG_CXX_LANGUAGE_STANDARD = "gnu++14";
				CLANG_CXX_LIBRARY = "libc++";
				CLANG_ENABLE_MODULES = YES;
				CLANG_ENABLE_OBJC_ARC = YES;
				CLANG_WARN_BLOCK_CAPTURE_AUTORELEASING = YES;
				CLANG_WARN_BOOL_CONVERSION = YES;
				CLANG_WARN_COMMA = YES;
				CLANG_WARN_CONSTANT_CONVERSION = YES;
				CLANG_WARN_DIRECT_OBJC_ISA_USAGE = YES_ERROR;
				CLANG_WARN_DOCUMENTATION_COMMENTS = YES;
				CLANG_WARN_EMPTY_BODY = YES;
				CLANG_WARN_ENUM_CONVERSION = YES;
				CLANG_WARN_INFINITE_RECURSION = YES;
				CLANG_WARN_INT_CONVERSION = YES;
				CLANG_WARN_NON_LITERAL_NULL_CONVERSION = YES;
				CLANG_WARN_OBJC_LITERAL_CONVERSION = YES;
				CLANG_WARN_OBJC_ROOT_CLASS = YES_ERROR;
				CLANG_WARN_RANGE_LOOP_ANALYSIS = YES;
				CLANG_WARN_STRICT_PROTOTYPES = YES;
				CLANG_WARN_SUSPICIOUS_MOVE = YES;
				CLANG_WARN_UNGUARDED_AVAILABILITY = YES_AGGRESSIVE;
				CLANG_WARN_UNREACHABLE_CODE = YES;
				CLANG_WARN__DUPLICATE_METHOD_MATCH = YES;
				CODE_SIGN_IDENTITY = "iPhone Developer";
				COPY_PHASE_STRIP = NO;
				DEBUG_INFORMATION_FORMAT = "dwarf-with-dsym";
				ENABLE_NS_ASSERTIONS = NO;
				ENABLE_STRICT_OBJC_MSGSEND = YES;
				GCC_C_LANGUAGE_STANDARD = gnu11;
				GCC_NO_COMMON_BLOCKS = YES;
				GCC_WARN_64_TO_32_BIT_CONVERSION = YES;
				GCC_WARN_ABOUT_RETURN_TYPE = YES_ERROR;
				GCC_WARN_UNDECLARED_SELECTOR = YES;
				GCC_WARN_UNINITIALIZED_AUTOS = YES_AGGRESSIVE;
				GCC_WARN_UNUSED_FUNCTION = YES;
				GCC_WARN_UNUSED_VARIABLE = YES;
				IPHONEOS_DEPLOYMENT_TARGET = 11.2;
				MTL_ENABLE_DEBUG_INFO = NO;
				SDKROOT = iphoneos;
				SWIFT_OPTIMIZATION_LEVEL = "-Owholemodule";
				VALIDATE_PRODUCT = YES;
			};
			name = Release;
		};
		BF2A19E02066FC3200A5FE02 /* Debug */ = {
			isa = XCBuildConfiguration;
			buildSettings = {
				ASSETCATALOG_COMPILER_APPICON_NAME = AppIcon;
				CODE_SIGN_STYLE = Automatic;
				DEVELOPMENT_TEAM = 8ADP3UVM5F;
				INFOPLIST_FILE = "whitehouse-petition-parser/Info.plist";
				LD_RUNPATH_SEARCH_PATHS = "$(inherited) @executable_path/Frameworks";
				PRODUCT_BUNDLE_IDENTIFIER = "com.amreinhard.whitehouse-petition-parser";
				PRODUCT_NAME = "$(TARGET_NAME)";
				SWIFT_VERSION = 4.0;
				TARGETED_DEVICE_FAMILY = "1,2";
			};
			name = Debug;
		};
		BF2A19E12066FC3200A5FE02 /* Release */ = {
			isa = XCBuildConfiguration;
			buildSettings = {
				ASSETCATALOG_COMPILER_APPICON_NAME = AppIcon;
				CODE_SIGN_STYLE = Automatic;
				DEVELOPMENT_TEAM = 8ADP3UVM5F;
				INFOPLIST_FILE = "whitehouse-petition-parser/Info.plist";
				LD_RUNPATH_SEARCH_PATHS = "$(inherited) @executable_path/Frameworks";
				PRODUCT_BUNDLE_IDENTIFIER = "com.amreinhard.whitehouse-petition-parser";
				PRODUCT_NAME = "$(TARGET_NAME)";
				SWIFT_VERSION = 4.0;
				TARGETED_DEVICE_FAMILY = "1,2";
			};
			name = Release;
		};
/* End XCBuildConfiguration section */

/* Begin XCConfigurationList section */
		BF2A19C82066FC3200A5FE02 /* Build configuration list for PBXProject "whitehouse-petition-parser" */ = {
			isa = XCConfigurationList;
			buildConfigurations = (
				BF2A19DD2066FC3200A5FE02 /* Debug */,
				BF2A19DE2066FC3200A5FE02 /* Release */,
			);
			defaultConfigurationIsVisible = 0;
			defaultConfigurationName = Release;
		};
		BF2A19DF2066FC3200A5FE02 /* Build configuration list for PBXNativeTarget "whitehouse-petition-parser" */ = {
			isa = XCConfigurationList;
			buildConfigurations = (
				BF2A19E02066FC3200A5FE02 /* Debug */,
				BF2A19E12066FC3200A5FE02 /* Release */,
			);
			defaultConfigurationIsVisible = 0;
			defaultConfigurationName = Release;
		};
/* End XCConfigurationList section */
	};
	rootObject = BF2A19C52066FC3200A5FE02 /* Project object */;
}
